PODS:
  - AppAuth (1.6.1):
    - AppAuth/Core (= 1.6.1)
    - AppAuth/ExternalUserAgent (= 1.6.1)
  - AppAuth/Core (1.6.1)
  - AppAuth/ExternalUserAgent (1.6.1):
    - AppAuth/Core
  - ASN1Decoder (1.8.0)
  - boost (1.76.0)
  - DoubleConversion (1.1.6)
  - EASClient (0.5.1):
    - ExpoModulesCore
  - EXApplication (4.2.2):
    - ExpoModulesCore
  - EXConstants (13.2.4):
    - ExpoModulesCore
  - EXDevice (4.3.0):
    - ExpoModulesCore
  - EXFileSystem (14.1.0):
    - ExpoModulesCore
  - EXFont (10.2.1):
    - ExpoModulesCore
  - EXJSONUtils (0.5.1)
  - EXManifests (0.5.2):
    - EXJSONUtils
  - Expo (46.0.20):
    - ExpoModulesCore
  - ExpoAdapterFBSDKNext (11.1.0):
    - ExpoModulesCore
    - FBSDKCoreKit
    - React-Core
  - ExpoAdapterGoogleSignIn (9.0.2):
    - ExpoModulesCore
    - GoogleSignIn (~> 6.2)
    - React-Core
  - ExpoKeepAwake (10.2.1):
    - ExpoModulesCore
  - ExpoLocalization (13.1.0):
    - ExpoModulesCore
  - ExpoModulesCore (0.11.10):
    - React-Core
    - ReactCommon/turbomodule/core
  - EXSplashScreen (0.16.2):
    - ExpoModulesCore
    - React-Core
  - EXStructuredHeaders (3.1.1)
  - EXUpdates (0.16.4):
    - ASN1Decoder (~> 1.8)
    - EASClient
    - EXManifests
    - ExpoModulesCore
    - EXStructuredHeaders
    - EXUpdatesInterface
    - React-Core
  - EXUpdatesInterface (0.9.1)
  - FBAEMKit (15.0.0):
    - FBSDKCoreKit_Basics (= 15.0.0)
  - FBLazyVector (0.69.7)
  - FBReactNativeSpec (0.69.7):
    - RCT-Folly (= 2021.06.28.00-v2)
    - RCTRequired (= 0.69.7)
    - RCTTypeSafety (= 0.69.7)
    - React-Core (= 0.69.7)
    - React-jsi (= 0.69.7)
    - ReactCommon/turbomodule/core (= 0.69.7)
  - FBSDKCoreKit (15.0.0):
    - FBAEMKit (= 15.0.0)
    - FBSDKCoreKit_Basics (= 15.0.0)
  - FBSDKCoreKit_Basics (15.0.0)
  - FBSDKGamingServicesKit (15.0.0):
    - FBSDKCoreKit (= 15.0.0)
    - FBSDKCoreKit_Basics (= 15.0.0)
    - FBSDKShareKit (= 15.0.0)
  - FBSDKLoginKit (15.0.0):
    - FBSDKCoreKit (= 15.0.0)
  - FBSDKShareKit (15.0.0):
    - FBSDKCoreKit (= 15.0.0)
  - Firebase/CoreOnly (10.7.0):
    - FirebaseCore (= 10.7.0)
  - FirebaseCore (10.7.0):
    - FirebaseCoreInternal (~> 10.0)
    - GoogleUtilities/Environment (~> 7.8)
    - GoogleUtilities/Logger (~> 7.8)
  - FirebaseCoreInternal (10.8.0):
    - "GoogleUtilities/NSData+zlib (~> 7.8)"
  - fmt (6.2.1)
  - glog (0.3.5)
  - GoogleSignIn (6.2.4):
    - AppAuth (~> 1.5)
    - GTMAppAuth (~> 1.3)
    - GTMSessionFetcher/Core (< 3.0, >= 1.1)
  - GoogleUtilities/Environment (7.11.1):
    - PromisesObjC (< 3.0, >= 1.2)
  - GoogleUtilities/Logger (7.11.1):
    - GoogleUtilities/Environment
  - "GoogleUtilities/NSData+zlib (7.11.1)"
  - GTMAppAuth (1.3.1):
    - AppAuth/Core (~> 1.6)
    - GTMSessionFetcher/Core (< 3.0, >= 1.5)
  - GTMSessionFetcher/Core (2.3.0)
  - hermes-engine (0.69.7)
  - libevent (2.1.12)
  - PromisesObjC (2.2.0)
  - RCT-Folly (2021.06.28.00-v2):
    - boost
    - DoubleConversion
    - fmt (~> 6.2.1)
    - glog
    - RCT-Folly/Default (= 2021.06.28.00-v2)
  - RCT-Folly/Default (2021.06.28.00-v2):
    - boost
    - DoubleConversion
    - fmt (~> 6.2.1)
    - glog
  - RCT-Folly/Futures (2021.06.28.00-v2):
    - boost
    - DoubleConversion
    - fmt (~> 6.2.1)
    - glog
    - libevent
  - RCTRequired (0.69.7)
  - RCTTypeSafety (0.69.7):
    - FBLazyVector (= 0.69.7)
    - RCTRequired (= 0.69.7)
    - React-Core (= 0.69.7)
  - React (0.69.7):
    - React-Core (= 0.69.7)
    - React-Core/DevSupport (= 0.69.7)
    - React-Core/RCTWebSocket (= 0.69.7)
    - React-RCTActionSheet (= 0.69.7)
    - React-RCTAnimation (= 0.69.7)
    - React-RCTBlob (= 0.69.7)
    - React-RCTImage (= 0.69.7)
    - React-RCTLinking (= 0.69.7)
    - React-RCTNetwork (= 0.69.7)
    - React-RCTSettings (= 0.69.7)
    - React-RCTText (= 0.69.7)
    - React-RCTVibration (= 0.69.7)
  - React-bridging (0.69.7):
    - RCT-Folly (= 2021.06.28.00-v2)
    - React-jsi (= 0.69.7)
  - React-callinvoker (0.69.7)
  - React-Codegen (0.69.7):
    - FBReactNativeSpec (= 0.69.7)
    - RCT-Folly (= 2021.06.28.00-v2)
    - RCTRequired (= 0.69.7)
    - RCTTypeSafety (= 0.69.7)
    - React-Core (= 0.69.7)
    - React-jsi (= 0.69.7)
    - React-jsiexecutor (= 0.69.7)
    - ReactCommon/turbomodule/core (= 0.69.7)
  - React-Core (0.69.7):
    - glog
    - RCT-Folly (= 2021.06.28.00-v2)
    - React-Core/Default (= 0.69.7)
    - React-cxxreact (= 0.69.7)
    - React-jsi (= 0.69.7)
    - React-jsiexecutor (= 0.69.7)
    - React-perflogger (= 0.69.7)
    - Yoga
  - React-Core/CoreModulesHeaders (0.69.7):
    - glog
    - RCT-Folly (= 2021.06.28.00-v2)
    - React-Core/Default
    - React-cxxreact (= 0.69.7)
    - React-jsi (= 0.69.7)
    - React-jsiexecutor (= 0.69.7)
    - React-perflogger (= 0.69.7)
    - Yoga
  - React-Core/Default (0.69.7):
    - glog
    - RCT-Folly (= 2021.06.28.00-v2)
    - React-cxxreact (= 0.69.7)
    - React-jsi (= 0.69.7)
    - React-jsiexecutor (= 0.69.7)
    - React-perflogger (= 0.69.7)
    - Yoga
  - React-Core/DevSupport (0.69.7):
    - glog
    - RCT-Folly (= 2021.06.28.00-v2)
    - React-Core/Default (= 0.69.7)
    - React-Core/RCTWebSocket (= 0.69.7)
    - React-cxxreact (= 0.69.7)
    - React-jsi (= 0.69.7)
    - React-jsiexecutor (= 0.69.7)
    - React-jsinspector (= 0.69.7)
    - React-perflogger (= 0.69.7)
    - Yoga
  - React-Core/RCTActionSheetHeaders (0.69.7):
    - glog
    - RCT-Folly (= 2021.06.28.00-v2)
    - React-Core/Default
    - React-cxxreact (= 0.69.7)
    - React-jsi (= 0.69.7)
    - React-jsiexecutor (= 0.69.7)
    - React-perflogger (= 0.69.7)
    - Yoga
  - React-Core/RCTAnimationHeaders (0.69.7):
    - glog
    - RCT-Folly (= 2021.06.28.00-v2)
    - React-Core/Default
    - React-cxxreact (= 0.69.7)
    - React-jsi (= 0.69.7)
    - React-jsiexecutor (= 0.69.7)
    - React-perflogger (= 0.69.7)
    - Yoga
  - React-Core/RCTBlobHeaders (0.69.7):
    - glog
    - RCT-Folly (= 2021.06.28.00-v2)
    - React-Core/Default
    - React-cxxreact (= 0.69.7)
    - React-jsi (= 0.69.7)
    - React-jsiexecutor (= 0.69.7)
    - React-perflogger (= 0.69.7)
    - Yoga
  - React-Core/RCTImageHeaders (0.69.7):
    - glog
    - RCT-Folly (= 2021.06.28.00-v2)
    - React-Core/Default
    - React-cxxreact (= 0.69.7)
    - React-jsi (= 0.69.7)
    - React-jsiexecutor (= 0.69.7)
    - React-perflogger (= 0.69.7)
    - Yoga
  - React-Core/RCTLinkingHeaders (0.69.7):
    - glog
    - RCT-Folly (= 2021.06.28.00-v2)
    - React-Core/Default
    - React-cxxreact (= 0.69.7)
    - React-jsi (= 0.69.7)
    - React-jsiexecutor (= 0.69.7)
    - React-perflogger (= 0.69.7)
    - Yoga
  - React-Core/RCTNetworkHeaders (0.69.7):
    - glog
    - RCT-Folly (= 2021.06.28.00-v2)
    - React-Core/Default
    - React-cxxreact (= 0.69.7)
    - React-jsi (= 0.69.7)
    - React-jsiexecutor (= 0.69.7)
    - React-perflogger (= 0.69.7)
    - Yoga
  - React-Core/RCTSettingsHeaders (0.69.7):
    - glog
    - RCT-Folly (= 2021.06.28.00-v2)
    - React-Core/Default
    - React-cxxreact (= 0.69.7)
    - React-jsi (= 0.69.7)
    - React-jsiexecutor (= 0.69.7)
    - React-perflogger (= 0.69.7)
    - Yoga
  - React-Core/RCTTextHeaders (0.69.7):
    - glog
    - RCT-Folly (= 2021.06.28.00-v2)
    - React-Core/Default
    - React-cxxreact (= 0.69.7)
    - React-jsi (= 0.69.7)
    - React-jsiexecutor (= 0.69.7)
    - React-perflogger (= 0.69.7)
    - Yoga
  - React-Core/RCTVibrationHeaders (0.69.7):
    - glog
    - RCT-Folly (= 2021.06.28.00-v2)
    - React-Core/Default
    - React-cxxreact (= 0.69.7)
    - React-jsi (= 0.69.7)
    - React-jsiexecutor (= 0.69.7)
    - React-perflogger (= 0.69.7)
    - Yoga
  - React-Core/RCTWebSocket (0.69.7):
    - glog
    - RCT-Folly (= 2021.06.28.00-v2)
    - React-Core/Default (= 0.69.7)
    - React-cxxreact (= 0.69.7)
    - React-jsi (= 0.69.7)
    - React-jsiexecutor (= 0.69.7)
    - React-perflogger (= 0.69.7)
    - Yoga
  - React-CoreModules (0.69.7):
    - RCT-Folly (= 2021.06.28.00-v2)
    - RCTTypeSafety (= 0.69.7)
    - React-Codegen (= 0.69.7)
    - React-Core/CoreModulesHeaders (= 0.69.7)
    - React-jsi (= 0.69.7)
    - React-RCTImage (= 0.69.7)
    - ReactCommon/turbomodule/core (= 0.69.7)
  - React-cxxreact (0.69.7):
    - boost (= 1.76.0)
    - DoubleConversion
    - glog
    - RCT-Folly (= 2021.06.28.00-v2)
    - React-callinvoker (= 0.69.7)
    - React-jsi (= 0.69.7)
    - React-jsinspector (= 0.69.7)
    - React-logger (= 0.69.7)
    - React-perflogger (= 0.69.7)
    - React-runtimeexecutor (= 0.69.7)
  - React-hermes (0.69.7):
    - DoubleConversion
    - glog
    - hermes-engine
    - RCT-Folly (= 2021.06.28.00-v2)
    - RCT-Folly/Futures (= 2021.06.28.00-v2)
    - React-cxxreact (= 0.69.7)
    - React-jsi (= 0.69.7)
    - React-jsiexecutor (= 0.69.7)
    - React-jsinspector (= 0.69.7)
    - React-perflogger (= 0.69.7)
  - React-jsi (0.69.7):
    - boost (= 1.76.0)
    - DoubleConversion
    - glog
    - RCT-Folly (= 2021.06.28.00-v2)
    - React-jsi/Default (= 0.69.7)
  - React-jsi/Default (0.69.7):
    - boost (= 1.76.0)
    - DoubleConversion
    - glog
    - RCT-Folly (= 2021.06.28.00-v2)
  - React-jsiexecutor (0.69.7):
    - DoubleConversion
    - glog
    - RCT-Folly (= 2021.06.28.00-v2)
    - React-cxxreact (= 0.69.7)
    - React-jsi (= 0.69.7)
    - React-perflogger (= 0.69.7)
  - React-jsinspector (0.69.7)
  - React-logger (0.69.7):
    - glog
  - react-native-fbsdk-next (11.1.0):
    - React-Core
    - react-native-fbsdk-next/Core (= 11.1.0)
    - react-native-fbsdk-next/Login (= 11.1.0)
    - react-native-fbsdk-next/Share (= 11.1.0)
  - react-native-fbsdk-next/Core (11.1.0):
    - FBSDKCoreKit (~> 15.0.0)
    - React-Core
  - react-native-fbsdk-next/Login (11.1.0):
    - FBSDKLoginKit (~> 15.0.0)
    - React-Core
  - react-native-fbsdk-next/Share (11.1.0):
    - FBSDKGamingServicesKit (~> 15.0.0)
    - FBSDKShareKit (~> 15.0.0)
    - React-Core
  - react-native-image-picker (4.10.3):
    - React-Core
  - react-native-progress-view (1.4.0-beta.0):
    - React-Core
  - react-native-safe-area-context (4.3.4):
    - RCT-Folly
    - RCTRequired
    - RCTTypeSafety
    - React-Core
    - ReactCommon/turbomodule/core
  - React-perflogger (0.69.7)
  - React-RCTActionSheet (0.69.7):
    - React-Core/RCTActionSheetHeaders (= 0.69.7)
  - React-RCTAnimation (0.69.7):
    - RCT-Folly (= 2021.06.28.00-v2)
    - RCTTypeSafety (= 0.69.7)
    - React-Codegen (= 0.69.7)
    - React-Core/RCTAnimationHeaders (= 0.69.7)
    - React-jsi (= 0.69.7)
    - ReactCommon/turbomodule/core (= 0.69.7)
  - React-RCTBlob (0.69.7):
    - RCT-Folly (= 2021.06.28.00-v2)
    - React-Codegen (= 0.69.7)
    - React-Core/RCTBlobHeaders (= 0.69.7)
    - React-Core/RCTWebSocket (= 0.69.7)
    - React-jsi (= 0.69.7)
    - React-RCTNetwork (= 0.69.7)
    - ReactCommon/turbomodule/core (= 0.69.7)
  - React-RCTImage (0.69.7):
    - RCT-Folly (= 2021.06.28.00-v2)
    - RCTTypeSafety (= 0.69.7)
    - React-Codegen (= 0.69.7)
    - React-Core/RCTImageHeaders (= 0.69.7)
    - React-jsi (= 0.69.7)
    - React-RCTNetwork (= 0.69.7)
    - ReactCommon/turbomodule/core (= 0.69.7)
  - React-RCTLinking (0.69.7):
    - React-Codegen (= 0.69.7)
    - React-Core/RCTLinkingHeaders (= 0.69.7)
    - React-jsi (= 0.69.7)
    - ReactCommon/turbomodule/core (= 0.69.7)
  - React-RCTNetwork (0.69.7):
    - RCT-Folly (= 2021.06.28.00-v2)
    - RCTTypeSafety (= 0.69.7)
    - React-Codegen (= 0.69.7)
    - React-Core/RCTNetworkHeaders (= 0.69.7)
    - React-jsi (= 0.69.7)
    - ReactCommon/turbomodule/core (= 0.69.7)
  - React-RCTSettings (0.69.7):
    - RCT-Folly (= 2021.06.28.00-v2)
    - RCTTypeSafety (= 0.69.7)
    - React-Codegen (= 0.69.7)
    - React-Core/RCTSettingsHeaders (= 0.69.7)
    - React-jsi (= 0.69.7)
    - ReactCommon/turbomodule/core (= 0.69.7)
  - React-RCTText (0.69.7):
    - React-Core/RCTTextHeaders (= 0.69.7)
  - React-RCTVibration (0.69.7):
    - RCT-Folly (= 2021.06.28.00-v2)
    - React-Codegen (= 0.69.7)
    - React-Core/RCTVibrationHeaders (= 0.69.7)
    - React-jsi (= 0.69.7)
    - ReactCommon/turbomodule/core (= 0.69.7)
  - React-runtimeexecutor (0.69.7):
    - React-jsi (= 0.69.7)
  - ReactCommon/turbomodule/core (0.69.7):
    - DoubleConversion
    - glog
    - RCT-Folly (= 2021.06.28.00-v2)
    - React-bridging (= 0.69.7)
    - React-callinvoker (= 0.69.7)
    - React-Core (= 0.69.7)
    - React-cxxreact (= 0.69.7)
    - React-jsi (= 0.69.7)
    - React-logger (= 0.69.7)
    - React-perflogger (= 0.69.7)
  - RNBootSplash (4.3.2):
    - React-Core
  - RNCAsyncStorage (1.18.1):
    - React-Core
  - RNFBApp (17.4.2):
    - Firebase/CoreOnly (= 10.7.0)
    - React-Core
  - RNGestureHandler (2.5.0):
    - React-Core
  - RNGoogleSignin (9.0.2):
    - GoogleSignIn (~> 6.2)
    - React-Core
  - RNReanimated (2.9.1):
    - DoubleConversion
    - FBLazyVector
    - FBReactNativeSpec
    - glog
    - RCT-Folly
    - RCTRequired
    - RCTTypeSafety
    - React-callinvoker
    - React-Core
    - React-Core/DevSupport
    - React-Core/RCTWebSocket
    - React-CoreModules
    - React-cxxreact
    - React-jsi
    - React-jsiexecutor
    - React-jsinspector
    - React-RCTActionSheet
    - React-RCTAnimation
    - React-RCTBlob
    - React-RCTImage
    - React-RCTLinking
    - React-RCTNetwork
    - React-RCTSettings
    - React-RCTText
    - ReactCommon/turbomodule/core
    - Yoga
  - RNScreens (3.15.0):
    - React-Core
    - React-RCTImage
  - RNSVG (13.9.0):
    - React-Core
  - Yoga (1.14.0)

DEPENDENCIES:
  - boost (from `../node_modules/react-native/third-party-podspecs/boost.podspec`)
  - DoubleConversion (from `../node_modules/react-native/third-party-podspecs/DoubleConversion.podspec`)
  - EASClient (from `../node_modules/expo-eas-client/ios`)
  - EXApplication (from `../node_modules/expo-application/ios`)
  - EXConstants (from `../node_modules/expo-constants/ios`)
  - EXDevice (from `../node_modules/expo-device/ios`)
  - EXFileSystem (from `../node_modules/expo-file-system/ios`)
  - EXFont (from `../node_modules/expo-font/ios`)
  - EXJSONUtils (from `../node_modules/expo-json-utils/ios`)
  - EXManifests (from `../node_modules/expo-manifests/ios`)
  - Expo (from `../node_modules/expo`)
  - ExpoAdapterFBSDKNext (from `../node_modules/react-native-fbsdk-next/ios`)
  - "ExpoAdapterGoogleSignIn (from `../node_modules/@react-native-google-signin/google-signin/expo/ios`)"
  - ExpoKeepAwake (from `../node_modules/expo-keep-awake/ios`)
  - ExpoLocalization (from `../node_modules/expo-localization/ios`)
  - ExpoModulesCore (from `../node_modules/expo-modules-core/ios`)
  - EXSplashScreen (from `../node_modules/expo-splash-screen/ios`)
  - EXStructuredHeaders (from `../node_modules/expo-structured-headers/ios`)
  - EXUpdates (from `../node_modules/expo-updates/ios`)
  - EXUpdatesInterface (from `../node_modules/expo-updates-interface/ios`)
  - FBLazyVector (from `../node_modules/react-native/Libraries/FBLazyVector`)
  - FBReactNativeSpec (from `../node_modules/react-native/React/FBReactNativeSpec`)
  - glog (from `../node_modules/react-native/third-party-podspecs/glog.podspec`)
  - hermes-engine (from `../node_modules/react-native/sdks/hermes/hermes-engine.podspec`)
  - libevent (~> 2.1.12)
  - RCT-Folly (from `../node_modules/react-native/third-party-podspecs/RCT-Folly.podspec`)
  - RCTRequired (from `../node_modules/react-native/Libraries/RCTRequired`)
  - RCTTypeSafety (from `../node_modules/react-native/Libraries/TypeSafety`)
  - React (from `../node_modules/react-native/`)
  - React-bridging (from `../node_modules/react-native/ReactCommon`)
  - React-callinvoker (from `../node_modules/react-native/ReactCommon/callinvoker`)
  - React-Codegen (from `build/generated/ios`)
  - React-Core (from `../node_modules/react-native/`)
  - React-Core/RCTWebSocket (from `../node_modules/react-native/`)
  - React-CoreModules (from `../node_modules/react-native/React/CoreModules`)
  - React-cxxreact (from `../node_modules/react-native/ReactCommon/cxxreact`)
  - React-hermes (from `../node_modules/react-native/ReactCommon/hermes`)
  - React-jsi (from `../node_modules/react-native/ReactCommon/jsi`)
  - React-jsiexecutor (from `../node_modules/react-native/ReactCommon/jsiexecutor`)
  - React-jsinspector (from `../node_modules/react-native/ReactCommon/jsinspector`)
  - React-logger (from `../node_modules/react-native/ReactCommon/logger`)
  - react-native-fbsdk-next (from `../node_modules/react-native-fbsdk-next`)
  - react-native-image-picker (from `../node_modules/react-native-image-picker`)
  - "react-native-progress-view (from `../node_modules/@react-native-community/progress-view`)"
  - react-native-safe-area-context (from `../node_modules/react-native-safe-area-context`)
  - React-perflogger (from `../node_modules/react-native/ReactCommon/reactperflogger`)
  - React-RCTActionSheet (from `../node_modules/react-native/Libraries/ActionSheetIOS`)
  - React-RCTAnimation (from `../node_modules/react-native/Libraries/NativeAnimation`)
  - React-RCTBlob (from `../node_modules/react-native/Libraries/Blob`)
  - React-RCTImage (from `../node_modules/react-native/Libraries/Image`)
  - React-RCTLinking (from `../node_modules/react-native/Libraries/LinkingIOS`)
  - React-RCTNetwork (from `../node_modules/react-native/Libraries/Network`)
  - React-RCTSettings (from `../node_modules/react-native/Libraries/Settings`)
  - React-RCTText (from `../node_modules/react-native/Libraries/Text`)
  - React-RCTVibration (from `../node_modules/react-native/Libraries/Vibration`)
  - React-runtimeexecutor (from `../node_modules/react-native/ReactCommon/runtimeexecutor`)
  - ReactCommon/turbomodule/core (from `../node_modules/react-native/ReactCommon`)
  - RNBootSplash (from `../node_modules/react-native-bootsplash`)
  - "RNCAsyncStorage (from `../node_modules/@react-native-async-storage/async-storage`)"
  - "RNFBApp (from `../node_modules/@react-native-firebase/app`)"
  - RNGestureHandler (from `../node_modules/react-native-gesture-handler`)
  - "RNGoogleSignin (from `../node_modules/@react-native-google-signin/google-signin`)"
  - RNReanimated (from `../node_modules/react-native-reanimated`)
  - RNScreens (from `../node_modules/react-native-screens`)
  - RNSVG (from `../node_modules/react-native-svg`)
  - Yoga (from `../node_modules/react-native/ReactCommon/yoga`)

SPEC REPOS:
  trunk:
    - AppAuth
    - ASN1Decoder
    - FBAEMKit
    - FBSDKCoreKit
    - FBSDKCoreKit_Basics
    - FBSDKGamingServicesKit
    - FBSDKLoginKit
    - FBSDKShareKit
    - Firebase
    - FirebaseCore
    - FirebaseCoreInternal
    - fmt
    - GoogleSignIn
    - GoogleUtilities
    - GTMAppAuth
    - GTMSessionFetcher
    - libevent
    - PromisesObjC

EXTERNAL SOURCES:
  boost:
    :podspec: "../node_modules/react-native/third-party-podspecs/boost.podspec"
  DoubleConversion:
    :podspec: "../node_modules/react-native/third-party-podspecs/DoubleConversion.podspec"
  EASClient:
    :path: "../node_modules/expo-eas-client/ios"
  EXApplication:
    :path: "../node_modules/expo-application/ios"
  EXConstants:
    :path: "../node_modules/expo-constants/ios"
  EXDevice:
    :path: "../node_modules/expo-device/ios"
  EXFileSystem:
    :path: "../node_modules/expo-file-system/ios"
  EXFont:
    :path: "../node_modules/expo-font/ios"
  EXJSONUtils:
    :path: "../node_modules/expo-json-utils/ios"
  EXManifests:
    :path: "../node_modules/expo-manifests/ios"
  Expo:
    :path: "../node_modules/expo"
  ExpoAdapterFBSDKNext:
    :path: "../node_modules/react-native-fbsdk-next/ios"
  ExpoAdapterGoogleSignIn:
    :path: "../node_modules/@react-native-google-signin/google-signin/expo/ios"
  ExpoKeepAwake:
    :path: "../node_modules/expo-keep-awake/ios"
  ExpoLocalization:
    :path: "../node_modules/expo-localization/ios"
  ExpoModulesCore:
    :path: "../node_modules/expo-modules-core/ios"
  EXSplashScreen:
    :path: "../node_modules/expo-splash-screen/ios"
  EXStructuredHeaders:
    :path: "../node_modules/expo-structured-headers/ios"
  EXUpdates:
    :path: "../node_modules/expo-updates/ios"
  EXUpdatesInterface:
    :path: "../node_modules/expo-updates-interface/ios"
  FBLazyVector:
    :path: "../node_modules/react-native/Libraries/FBLazyVector"
  FBReactNativeSpec:
    :path: "../node_modules/react-native/React/FBReactNativeSpec"
  glog:
    :podspec: "../node_modules/react-native/third-party-podspecs/glog.podspec"
  hermes-engine:
    :podspec: "../node_modules/react-native/sdks/hermes/hermes-engine.podspec"
  RCT-Folly:
    :podspec: "../node_modules/react-native/third-party-podspecs/RCT-Folly.podspec"
  RCTRequired:
    :path: "../node_modules/react-native/Libraries/RCTRequired"
  RCTTypeSafety:
    :path: "../node_modules/react-native/Libraries/TypeSafety"
  React:
    :path: "../node_modules/react-native/"
  React-bridging:
    :path: "../node_modules/react-native/ReactCommon"
  React-callinvoker:
    :path: "../node_modules/react-native/ReactCommon/callinvoker"
  React-Codegen:
    :path: build/generated/ios
  React-Core:
    :path: "../node_modules/react-native/"
  React-CoreModules:
    :path: "../node_modules/react-native/React/CoreModules"
  React-cxxreact:
    :path: "../node_modules/react-native/ReactCommon/cxxreact"
  React-hermes:
    :path: "../node_modules/react-native/ReactCommon/hermes"
  React-jsi:
    :path: "../node_modules/react-native/ReactCommon/jsi"
  React-jsiexecutor:
    :path: "../node_modules/react-native/ReactCommon/jsiexecutor"
  React-jsinspector:
    :path: "../node_modules/react-native/ReactCommon/jsinspector"
  React-logger:
    :path: "../node_modules/react-native/ReactCommon/logger"
  react-native-fbsdk-next:
    :path: "../node_modules/react-native-fbsdk-next"
  react-native-image-picker:
    :path: "../node_modules/react-native-image-picker"
  react-native-progress-view:
    :path: "../node_modules/@react-native-community/progress-view"
  react-native-safe-area-context:
    :path: "../node_modules/react-native-safe-area-context"
  React-perflogger:
    :path: "../node_modules/react-native/ReactCommon/reactperflogger"
  React-RCTActionSheet:
    :path: "../node_modules/react-native/Libraries/ActionSheetIOS"
  React-RCTAnimation:
    :path: "../node_modules/react-native/Libraries/NativeAnimation"
  React-RCTBlob:
    :path: "../node_modules/react-native/Libraries/Blob"
  React-RCTImage:
    :path: "../node_modules/react-native/Libraries/Image"
  React-RCTLinking:
    :path: "../node_modules/react-native/Libraries/LinkingIOS"
  React-RCTNetwork:
    :path: "../node_modules/react-native/Libraries/Network"
  React-RCTSettings:
    :path: "../node_modules/react-native/Libraries/Settings"
  React-RCTText:
    :path: "../node_modules/react-native/Libraries/Text"
  React-RCTVibration:
    :path: "../node_modules/react-native/Libraries/Vibration"
  React-runtimeexecutor:
    :path: "../node_modules/react-native/ReactCommon/runtimeexecutor"
  ReactCommon:
    :path: "../node_modules/react-native/ReactCommon"
  RNBootSplash:
    :path: "../node_modules/react-native-bootsplash"
  RNCAsyncStorage:
    :path: "../node_modules/@react-native-async-storage/async-storage"
  RNFBApp:
    :path: "../node_modules/@react-native-firebase/app"
  RNGestureHandler:
    :path: "../node_modules/react-native-gesture-handler"
  RNGoogleSignin:
    :path: "../node_modules/@react-native-google-signin/google-signin"
  RNReanimated:
    :path: "../node_modules/react-native-reanimated"
  RNScreens:
    :path: "../node_modules/react-native-screens"
  RNSVG:
    :path: "../node_modules/react-native-svg"
  Yoga:
    :path: "../node_modules/react-native/ReactCommon/yoga"

SPEC CHECKSUMS:
  AppAuth: e48b432bb4ba88b10cb2bcc50d7f3af21e78b9c2
  ASN1Decoder: 6110fdeacfdb41559b1481457a1645be716610aa
  boost: a7c83b31436843459a1961bfd74b96033dc77234
  DoubleConversion: 5189b271737e1565bdce30deb4a08d647e3f5f54
  EASClient: 950674e1098ebc09c4c2cf064a61e42e84d9d4c6
  EXApplication: e418d737a036e788510f2c4ad6c10a7d54d18586
  EXConstants: 7c44785d41d8e959d527d23d29444277a4d1ee73
  EXDevice: 7647ca9b1fd8b269dfd896a7643d659343358054
  EXFileSystem: 927e0a8885aa9c49e50fc38eaba2c2389f2f1019
  EXFont: 06df627203afcb8a3b3152ec06eb2f11f46f0cff
  EXJSONUtils: 48b1e764ac35160e6f54d21ab60d7d9501f3e473
  EXManifests: 500666d48e8dd7ca5a482c9e729e4a7a6c34081b
  Expo: c2afed3f226befffaed962e9bacb5e0296acd254
  ExpoAdapterFBSDKNext: cb13ee1823c70383d17a82e7e2385053fa917d01
  ExpoAdapterGoogleSignIn: 98a113d9c0ed1ce7cf6259f0907d3f93209b0d7f
  ExpoKeepAwake: 8b47e5358d54ea4922b630a74f2acb026ab7a28b
  ExpoLocalization: 63204f4b9d4f653469d266332ceaa6c6ac8a305d
  ExpoModulesCore: 1b2f5f91eff132671f6d0642aad2ba7915c6ff41
  EXSplashScreen: 799bece80089219b2c989c1082d70f3b00995cda
  EXStructuredHeaders: b1a48d732562e2cc81f11771bcfd29534f5d9254
  EXUpdates: 603c4dfec2ed9ef323dfbd9c59c946593d4d9a5c
  EXUpdatesInterface: dd699d1930e28639dcbd70a402caea98e86364ca
  FBAEMKit: d8312d8451ead46282adc7f3565ffc4965e3a4a7
  FBLazyVector: 6b7f5692909b4300d50e7359cdefbcd09dd30faa
  FBReactNativeSpec: affcf71d996f6b0c01f68883482588297b9d5e6e
  FBSDKCoreKit: 81879058dd06208c0820fc713d054ca54903e8ba
  FBSDKCoreKit_Basics: eebc9bb69a0e5d133b92dca53a20716227faa454
  FBSDKGamingServicesKit: e0766514d64d26a9f846e793c0a44bc4a236723b
  FBSDKLoginKit: 11995469cd7da16fd4d5245e8d2ec61060479270
  FBSDKShareKit: 9501792c3024580809f811a8a549868699d9bd32
  Firebase: 0219acf760880eeec8ce479895bd7767466d9f81
  FirebaseCore: e317665b9d744727a97e623edbbed009320afdd7
  FirebaseCoreInternal: fa2899eb1f340054858d289e5a0fb935a0a74e52
  fmt: ff9d55029c625d3757ed641535fd4a75fedc7ce9
  glog: 3d02b25ca00c2d456734d0bcff864cbc62f6ae1a
  GoogleSignIn: 5651ce3a61e56ca864160e79b484cd9ed3f49b7a
  GoogleUtilities: 9aa0ad5a7bc171f8bae016300bfcfa3fb8425749
  GTMAppAuth: 0ff230db599948a9ad7470ca667337803b3fc4dd
  GTMSessionFetcher: 3a63d75eecd6aa32c2fc79f578064e1214dfdec2
  hermes-engine: 51aaceb1f6dc1aed44b8bbf866f52ec146c00a89
  libevent: 4049cae6c81cdb3654a443be001fb9bdceff7913
  PromisesObjC: 09985d6d70fbe7878040aa746d78236e6946d2ef
  RCT-Folly: b9d9fe1fc70114b751c076104e52f3b1b5e5a95a
  RCTRequired: 54bff6aa61efd9598ab59d2a823c382b4fe13d27
  RCTTypeSafety: 47632bfa768df7befde08e339a9847e6cff6ff78
  React: 72a676de573cc5ee0e375e5535238af9a4bd435c
  React-bridging: 12b6677a30fbd46555a35aa6096331737a9af598
  React-callinvoker: bb574a923c2281d01be23ed3b5d405caa583f56d
  React-Codegen: a5e05592b65963a4a453808d2233a04edb7ac8cd
  React-Core: 138385d05068622b2b1873eee7dc5be9762f5383
  React-CoreModules: 3a9be624998677db102b19090b1c33c7564ead6d
  React-cxxreact: eb24a767b0b811259947f3d538e7c999467e7131
  React-hermes: 3a08a232d6783e21930b0f10f1c15d209ec9f7ad
  React-jsi: 9c1cc1173fc8a24b094e01c54d8e3b567fed7edc
  React-jsiexecutor: a73bec0218ba959fc92f811b581ad6c2270c6b6f
  React-jsinspector: 8134ee22182b8dd98dc0973db6266c398103ce6c
  React-logger: 1e7ac909607ee65fd5c4d8bea8c6e644f66b8843
  react-native-fbsdk-next: c78dede90e3c50ab6936a7d56c43e1a9eb37e25a
  react-native-image-picker: 60f4246eb5bb7187fc15638a8c1f13abd3820695
  react-native-progress-view: 4a84c168610703dcbb41b118e9f8877ce9cf9d7b
  react-native-safe-area-context: dfe5aa13bee37a0c7e8059d14f72ffc076d120e9
  React-perflogger: 8e832d4e21fdfa613033c76d58d7e617341e804b
  React-RCTActionSheet: 9ca778182a9523991bff6381045885b6e808bb73
  React-RCTAnimation: 9ced26ad20b96e532ac791a8ab92a7b1ce2266b8
  React-RCTBlob: 2ca3402386d6ab8e9a9a39117305c7601ba2a7f8
  React-RCTImage: 7be51899367082a49e7a7560247ab3961e4dd248
  React-RCTLinking: 262229106f181d8187a5a041fa0dffe6e9726347
  React-RCTNetwork: 428b6f17bf4684ede387422eb789ca89365e33d3
  React-RCTSettings: eaef83489b80045528f1fe1ea5daefaa586ed763
  React-RCTText: d197cff9d5d7f68bdb88468d94617bbf2aa6a48d
  React-RCTVibration: 600a9f8b3537db360563d50fab3d040c262567d4
  React-runtimeexecutor: 65cd2782a57e1d59a68aa5d504edf94278578e41
  ReactCommon: 1e783348b9aa73ae68236271df972ba898560a95
  RNBootSplash: 5f346163977573d6b2aeba1b25df9d2245c0d73c
  RNCAsyncStorage: b90b71f45b8b97be43bc4284e71a6af48ac9f547
  RNFBApp: 55dbfc574e5ae414f2984394934f79f87eb4b050
  RNGestureHandler: bad495418bcbd3ab47017a38d93d290ebd406f50
  RNGoogleSignin: 22e468a9474dbcb8618d8847205ad4f0b2575d13
  RNReanimated: 2cf7451318bb9cc430abeec8d67693f9cf4e039c
  RNScreens: 4a1af06327774490d97342c00aee0c2bafb497b7
  RNSVG: 53c661b76829783cdaf9b7a57258f3d3b4c28315
  Yoga: 0b84a956f7393ef1f37f3bb213c516184e4a689d

PODFILE CHECKSUM: 05d533481a7437aeda2bce797d38eeec1b382005

COCOAPODS: 1.11.3
